// !$*UTF8*$!
{
	archiveVersion = 1;
	classes = {
	};
	objectVersion = 77;
	objects = {

/* Begin PBXBuildFile section */
		0449FA7C2EC1D81300AFCC13 /* AppDelegate.swift in Sources */ = {isa = PBXBuildFile; fileRef = 0449FA642EC1D81300AFCC13 /* AppDelegate.swift */; };
		0449FA7E2EC1D81300AFCC13 /* SceneDelegate.swift in Sources */ = {isa = PBXBuildFile; fileRef = 0449FA692EC1D81300AFCC13 /* SceneDelegate.swift */; };
		0449FA8B2EC1DC5100AFCC13 /* BookingEntity+CoreDataProperties.swift in Sources */ = {isa = PBXBuildFile; fileRef = 0449FA842EC1DC5100AFCC13 /* BookingEntity+CoreDataProperties.swift */; };
		0449FA8C2EC1DC5100AFCC13 /* DriverProfileEntity+CoreDataClass.swift in Sources */ = {isa = PBXBuildFile; fileRef = 0449FA852EC1DC5100AFCC13 /* DriverProfileEntity+CoreDataClass.swift */; };
		0449FA8D2EC1DC5100AFCC13 /* DriverProfileEntity+CoreDataProperties.swift in Sources */ = {isa = PBXBuildFile; fileRef = 0449FA862EC1DC5100AFCC13 /* DriverProfileEntity+CoreDataProperties.swift */; };
		0449FA8E2EC1DC5100AFCC13 /* RideEntity+CoreDataClass.swift in Sources */ = {isa = PBXBuildFile; fileRef = 0449FA872EC1DC5100AFCC13 /* RideEntity+CoreDataClass.swift */; };
		0449FA8F2EC1DC5100AFCC13 /* BookingEntity+CoreDataClass.swift in Sources */ = {isa = PBXBuildFile; fileRef = 0449FA832EC1DC5100AFCC13 /* BookingEntity+CoreDataClass.swift */; };
		0449FA902EC1DC5100AFCC13 /* RideEntity+CoreDataProperties.swift in Sources */ = {isa = PBXBuildFile; fileRef = 0449FA882EC1DC5100AFCC13 /* RideEntity+CoreDataProperties.swift */; };
		0449FA912EC1DC5100AFCC13 /* UserEntity+CoreDataClass.swift in Sources */ = {isa = PBXBuildFile; fileRef = 0449FA892EC1DC5100AFCC13 /* UserEntity+CoreDataClass.swift */; };
		0449FA922EC1DC5100AFCC13 /* UserEntity+CoreDataProperties.swift in Sources */ = {isa = PBXBuildFile; fileRef = 0449FA8A2EC1DC5100AFCC13 /* UserEntity+CoreDataProperties.swift */; };
/* End PBXBuildFile section */

/* Begin PBXFileReference section */
		0449FA642EC1D81300AFCC13 /* AppDelegate.swift */ = {isa = PBXFileReference; lastKnownFileType = sourcecode.swift; path = AppDelegate.swift; sourceTree = "<group>"; };
		0449FA692EC1D81300AFCC13 /* SceneDelegate.swift */ = {isa = PBXFileReference; lastKnownFileType = sourcecode.swift; path = SceneDelegate.swift; sourceTree = "<group>"; };
		0449FA832EC1DC5100AFCC13 /* BookingEntity+CoreDataClass.swift */ = {isa = PBXFileReference; lastKnownFileType = sourcecode.swift; name = "BookingEntity+CoreDataClass.swift"; path = "BIRGE_demo001/Models/BookingEntity+CoreDataClass.swift"; sourceTree = "<group>"; };
		0449FA842EC1DC5100AFCC13 /* BookingEntity+CoreDataProperties.swift */ = {isa = PBXFileReference; lastKnownFileType = sourcecode.swift; name = "BookingEntity+CoreDataProperties.swift"; path = "BIRGE_demo001/Models/BookingEntity+CoreDataProperties.swift"; sourceTree = "<group>"; };
		0449FA852EC1DC5100AFCC13 /* DriverProfileEntity+CoreDataClass.swift */ = {isa = PBXFileReference; lastKnownFileType = sourcecode.swift; name = "DriverProfileEntity+CoreDataClass.swift"; path = "BIRGE_demo001/Models/DriverProfileEntity+CoreDataClass.swift"; sourceTree = "<group>"; };
		0449FA862EC1DC5100AFCC13 /* DriverProfileEntity+CoreDataProperties.swift */ = {isa = PBXFileReference; lastKnownFileType = sourcecode.swift; name = "DriverProfileEntity+CoreDataProperties.swift"; path = "BIRGE_demo001/Models/DriverProfileEntity+CoreDataProperties.swift"; sourceTree = "<group>"; };
		0449FA872EC1DC5100AFCC13 /* RideEntity+CoreDataClass.swift */ = {isa = PBXFileReference; lastKnownFileType = sourcecode.swift; name = "RideEntity+CoreDataClass.swift"; path = "BIRGE_demo001/Models/RideEntity+CoreDataClass.swift"; sourceTree = "<group>"; };
		0449FA882EC1DC5100AFCC13 /* RideEntity+CoreDataProperties.swift */ = {isa = PBXFileReference; lastKnownFileType = sourcecode.swift; name = "RideEntity+CoreDataProperties.swift"; path = "BIRGE_demo001/Models/RideEntity+CoreDataProperties.swift"; sourceTree = "<group>"; };
		0449FA892EC1DC5100AFCC13 /* UserEntity+CoreDataClass.swift */ = {isa = PBXFileReference; lastKnownFileType = sourcecode.swift; name = "UserEntity+CoreDataClass.swift"; path = "BIRGE_demo001/Models/UserEntity+CoreDataClass.swift"; sourceTree = "<group>"; };
		0449FA8A2EC1DC5100AFCC13 /* UserEntity+CoreDataProperties.swift */ = {isa = PBXFileReference; lastKnownFileType = sourcecode.swift; name = "UserEntity+CoreDataProperties.swift"; path = "BIRGE_demo001/Models/UserEntity+CoreDataProperties.swift"; sourceTree = "<group>"; };
		0469ADA72EF17087004A332F /* BIRGE_demo001.app */ = {isa = PBXFileReference; explicitFileType = wrapper.application; includeInIndex = 0; path = BIRGE_demo001.app; sourceTree = BUILT_PRODUCTS_DIR; };
/* End PBXFileReference section */

/* Begin PBXFileSystemSynchronizedBuildFileExceptionSet section */
		0449FAAB2EC21AF400AFCC13 /* Exceptions for "BIRGE_demo001" folder in "BIRGE_demo001" target */ = {
			isa = PBXFileSystemSynchronizedBuildFileExceptionSet;
			membershipExceptions = (
				Info.plist,
			);
			target = 04B717CE2EC1B2B600230595 /* BIRGE_demo001 */;
		};
/* End PBXFileSystemSynchronizedBuildFileExceptionSet section */

/* Begin PBXFileSystemSynchronizedRootGroup section */
		04B717D12EC1B2B600230595 /* BIRGE_demo001 */ = {
			isa = PBXFileSystemSynchronizedRootGroup;
			exceptions = (
				0449FAAB2EC21AF400AFCC13 /* Exceptions for "BIRGE_demo001" folder in "BIRGE_demo001" target */,
			);
			path = BIRGE_demo001;
			sourceTree = "<group>";
		};
/* End PBXFileSystemSynchronizedRootGroup section */

/* Begin PBXFrameworksBuildPhase section */
		04B717CC2EC1B2B600230595 /* Frameworks */ = {
			isa = PBXFrameworksBuildPhase;
			buildActionMask = 2147483647;
			files = (
			);
			runOnlyForDeploymentPostprocessing = 0;
		};
/* End PBXFrameworksBuildPhase section */

/* Begin PBXGroup section */
		04B717C62EC1B2B600230595 = {
			isa = PBXGroup;
			children = (
				0449FA832EC1DC5100AFCC13 /* BookingEntity+CoreDataClass.swift */,
				0449FA842EC1DC5100AFCC13 /* BookingEntity+CoreDataProperties.swift */,
				0449FA852EC1DC5100AFCC13 /* DriverProfileEntity+CoreDataClass.swift */,
				0449FA862EC1DC5100AFCC13 /* DriverProfileEntity+CoreDataProperties.swift */,
				0449FA872EC1DC5100AFCC13 /* RideEntity+CoreDataClass.swift */,
				0449FA882EC1DC5100AFCC13 /* RideEntity+CoreDataProperties.swift */,
				0449FA892EC1DC5100AFCC13 /* UserEntity+CoreDataClass.swift */,
				0449FA8A2EC1DC5100AFCC13 /* UserEntity+CoreDataProperties.swift */,
				04B717D12EC1B2B600230595 /* BIRGE_demo001 */,
				0449FA642EC1D81300AFCC13 /* AppDelegate.swift */,
				0449FA692EC1D81300AFCC13 /* SceneDelegate.swift */,
				0469ADA72EF17087004A332F /* BIRGE_demo001.app */,
			);
			sourceTree = "<group>";
		};
/* End PBXGroup section */

/* Begin PBXNativeTarget section */
		04B717CE2EC1B2B600230595 /* BIRGE_demo001 */ = {
			isa = PBXNativeTarget;
			buildConfigurationList = 04B717E52EC1B2B800230595 /* Build configuration list for PBXNativeTarget "BIRGE_demo001" */;
			buildPhases = (
				04B717CB2EC1B2B600230595 /* Sources */,
				04B717CC2EC1B2B600230595 /* Frameworks */,
				04B717CD2EC1B2B600230595 /* Resources */,
			);
			buildRules = (
			);
			dependencies = (
			);
			fileSystemSynchronizedGroups = (
				04B717D12EC1B2B600230595 /* BIRGE_demo001 */,
			);
			name = BIRGE_demo001;
			packageProductDependencies = (
			);
			productName = BIRGE_demo001;
			productReference = 0469ADA72EF17087004A332F /* BIRGE_demo001.app */;
			productType = "com.apple.product-type.application";
		};
/* End PBXNativeTarget section */

/* Begin PBXProject section */
		04B717C72EC1B2B600230595 /* Project object */ = {
			isa = PBXProject;
			attributes = {
				BuildIndependentTargetsInParallel = 1;
				LastSwiftUpdateCheck = 2610;
				LastUpgradeCheck = 2610;
				TargetAttributes = {
					04B717CE2EC1B2B600230595 = {
						CreatedOnToolsVersion = 26.1;
					};
				};
			};
			buildConfigurationList = 04B717CA2EC1B2B600230595 /* Build configuration list for PBXProject "BIRGE_demo001" */;
			developmentRegion = en;
			hasScannedForEncodings = 0;
			knownRegions = (
				en,
				Base,
			);
			mainGroup = 04B717C62EC1B2B600230595;
			minimizedProjectReferenceProxies = 1;
			preferredProjectObjectVersion = 77;
			productRefGroup = 04B717C62EC1B2B600230595;
			projectDirPath = "";
			projectRoot = "";
			targets = (
				04B717CE2EC1B2B600230595 /* BIRGE_demo001 */,
			);
		};
/* End PBXProject section */

/* Begin PBXResourcesBuildPhase section */
		04B717CD2EC1B2B600230595 /* Resources */ = {
			isa = PBXResourcesBuildPhase;
			buildActionMask = 2147483647;
			files = (
			);
			runOnlyForDeploymentPostprocessing = 0;
		};
/* End PBXResourcesBuildPhase section */

/* Begin PBXSourcesBuildPhase section */
		04B717CB2EC1B2B600230595 /* Sources */ = {
			isa = PBXSourcesBuildPhase;
			buildActionMask = 2147483647;
			files = (
				0449FA8B2EC1DC5100AFCC13 /* BookingEntity+CoreDataProperties.swift in Sources */,
				0449FA8C2EC1DC5100AFCC13 /* DriverProfileEntity+CoreDataClass.swift in Sources */,
				0449FA8D2EC1DC5100AFCC13 /* DriverProfileEntity+CoreDataProperties.swift in Sources */,
				0449FA8E2EC1DC5100AFCC13 /* RideEntity+CoreDataClass.swift in Sources */,
				0449FA8F2EC1DC5100AFCC13 /* BookingEntity+CoreDataClass.swift in Sources */,
				0449FA902EC1DC5100AFCC13 /* RideEntity+CoreDataProperties.swift in Sources */,
				0449FA912EC1DC5100AFCC13 /* UserEntity+CoreDataClass.swift in Sources */,
				0449FA922EC1DC5100AFCC13 /* UserEntity+CoreDataProperties.swift in Sources */,
				0449FA7C2EC1D81300AFCC13 /* AppDelegate.swift in Sources */,
				0449FA7E2EC1D81300AFCC13 /* SceneDelegate.swift in Sources */,
			);
			runOnlyForDeploymentPostprocessing = 0;
		};
/* End PBXSourcesBuildPhase section */

/* Begin XCBuildConfiguration section */
		04B717E62EC1B2B800230595 /* Debug */ = {
			isa = XCBuildConfiguration;
			buildSettings = {
				ASSETCATALOG_COMPILER_APPICON_NAME = AppIcon;
				ASSETCATALOG_COMPILER_GLOBAL_ACCENT_COLOR_NAME = AccentColor;
				CODE_SIGN_STYLE = Automatic;
				CURRENT_PROJECT_VERSION = 1;
				DEVELOPMENT_TEAM = YT2W57F27G;
				GENERATE_INFOPLIST_FILE = NO;
				INFOPLIST_FILE = BIRGE_demo001/Info.plist;
				INFOPLIST_KEY_UIApplicationSupportsIndirectInputEvents = YES;
				INFOPLIST_KEY_UILaunchStoryboardName = LaunchScreen;
				INFOPLIST_KEY_UIMainStoryboardFile = Main;
				INFOPLIST_KEY_UISupportedInterfaceOrientations_iPad = "UIInterfaceOrientationPortrait UIInterfaceOrientationPortraitUpsideDown UIInterfaceOrientationLandscapeLeft UIInterfaceOrientationLandscapeRight";
				INFOPLIST_KEY_UISupportedInterfaceOrientations_iPhone = "UIInterfaceOrientationPortrait UIInterfaceOrientationLandscapeLeft UIInterfaceOrientationLandscapeRight";
				LD_RUNPATH_SEARCH_PATHS = (
					"$(inherited)",
					"@executable_path/Frameworks",
				);
				MARKETING_VERSION = 1.0;
				PRODUCT_BUNDLE_IDENTIFIER = "arsen.abdukhalyk.BIRGE-demo001";
				PRODUCT_NAME = "$(TARGET_NAME)";
				STRING_CATALOG_GENERATE_SYMBOLS = YES;
				SWIFT_APPROACHABLE_CONCURRENCY = YES;
				SWIFT_DEFAULT_ACTOR_ISOLATION = MainActor;
				SWIFT_EMIT_LOC_STRINGS = YES;
				SWIFT_UPCOMING_FEATURE_MEMBER_IMPORT_VISIBILITY = YES;
				SWIFT_VERSION = 5.0;
				TARGETED_DEVICE_FAMILY = "1,2";
			};
			name = Debug;
		};
		04B717E72EC1B2B800230595 /* Release */ = {
			isa = XCBuildConfiguration;
			buildSettings = {
				ASSETCATALOG_COMPILER_APPICON_NAME = AppIcon;
				ASSETCATALOG_COMPILER_GLOBAL_ACCENT_COLOR_NAME = AccentColor;
				CODE_SIGN_STYLE = Automatic;
				CURRENT_PROJECT_VERSION = 1;
				DEVELOPMENT_TEAM = YT2W57F27G;
				GENERATE_INFOPLIST_FILE = NO;
				INFOPLIST_FILE = BIRGE_demo001/Info.plist;
				INFOPLIST_KEY_UIApplicationSupportsIndirectInputEvents = YES;
				INFOPLIST_KEY_UILaunchStoryboardName = LaunchScreen;
				INFOPLIST_KEY_UIMainStoryboardFile = Main;
				INFOPLIST_KEY_UISupportedInterfaceOrientations_iPad = "UIInterfaceOrientationPortrait UIInterfaceOrientationPortraitUpsideDown UIInterfaceOrientationLandscapeLeft UIInterfaceOrientationLandscapeRight";
				INFOPLIST_KEY_UISupportedInterfaceOrientations_iPhone = "UIInterfaceOrientationPortrait UIInterfaceOrientationLandscapeLeft UIInterfaceOrientationLandscapeRight";
				LD_RUNPATH_SEARCH_PATHS = (
					"$(inherited)",
					"@executable_path/Frameworks",
				);
				MARKETING_VERSION = 1.0;
				PRODUCT_BUNDLE_IDENTIFIER = "arsen.abdukhalyk.BIRGE-demo001";
				PRODUCT_NAME = "$(TARGET_NAME)";
				STRING_CATALOG_GENERATE_SYMBOLS = YES;
				SWIFT_APPROACHABLE_CONCURRENCY = YES;
				SWIFT_DEFAULT_ACTOR_ISOLATION = MainActor;
				SWIFT_EMIT_LOC_STRINGS = YES;
				SWIFT_UPCOMING_FEATURE_MEMBER_IMPORT_VISIBILITY = YES;
				SWIFT_VERSION = 5.0;
				TARGETED_DEVICE_FAMILY = "1,2";
			};
			name = Release;
		};
		04B717E82EC1B2B800230595 /* Debug */ = {
			isa = XCBuildConfiguration;
			buildSettings = {
				ALWAYS_SEARCH_USER_PATHS = NO;
				ASSETCATALOG_COMPILER_GENERATE_SWIFT_ASSET_SYMBOL_EXTENSIONS = YES;
				CLANG_ANALYZER_NONNULL = YES;
				CLANG_ANALYZER_NUMBER_OBJECT_CONVERSION = YES_AGGRESSIVE;
				CLANG_CXX_LANGUAGE_STANDARD = "gnu++20";
				CLANG_ENABLE_MODULES = YES;
				CLANG_ENABLE_OBJC_ARC = YES;
				CLANG_ENABLE_OBJC_WEAK = YES;
				CLANG_WARN_BLOCK_CAPTURE_AUTORELEASING = YES;
				CLANG_WARN_BOOL_CONVERSION = YES;
				CLANG_WARN_COMMA = YES;
				CLANG_WARN_CONSTANT_CONVERSION = YES;
				CLANG_WARN_DEPRECATED_OBJC_IMPLEMENTATIONS = YES;
				CLANG_WARN_DIRECT_OBJC_ISA_USAGE = YES_ERROR;
				CLANG_WARN_DOCUMENTATION_COMMENTS = YES;
				CLANG_WARN_EMPTY_BODY = YES;
				CLANG_WARN_ENUM_CONVERSION = YES;
				CLANG_WARN_INFINITE_RECURSION = YES;
				CLANG_WARN_INT_CONVERSION = YES;
				CLANG_WARN_NON_LITERAL_NULL_CONVERSION = YES;
				CLANG_WARN_OBJC_IMPLICIT_RETAIN_SELF = YES;
				CLANG_WARN_OBJC_LITERAL_CONVERSION = YES;
				CLANG_WARN_OBJC_ROOT_CLASS = YES_ERROR;
				CLANG_WARN_QUOTED_INCLUDE_IN_FRAMEWORK_HEADER = YES;
				CLANG_WARN_RANGE_LOOP_ANALYSIS = YES;
				CLANG_WARN_STRICT_PROTOTYPES = YES;
				CLANG_WARN_SUSPICIOUS_MOVE = YES;
				CLANG_WARN_UNGUARDED_AVAILABILITY = YES_AGGRESSIVE;
				CLANG_WARN_UNREACHABLE_CODE = YES;
				CLANG_WARN__DUPLICATE_METHOD_MATCH = YES;
				COPY_PHASE_STRIP = NO;
				DEBUG_INFORMATION_FORMAT = dwarf;
				DEVELOPMENT_TEAM = YT2W57F27G;
				ENABLE_STRICT_OBJC_MSGSEND = YES;
				ENABLE_TESTABILITY = YES;
				ENABLE_USER_SCRIPT_SANDBOXING = YES;
				GCC_C_LANGUAGE_STANDARD = gnu17;
				GCC_DYNAMIC_NO_PIC = NO;
				GCC_NO_COMMON_BLOCKS = YES;
				GCC_OPTIMIZATION_LEVEL = 0;
				GCC_PREPROCESSOR_DEFINITIONS = (
					"DEBUG=1",
					"$(inherited)",
				);
				GCC_WARN_64_TO_32_BIT_CONVERSION = YES;
				GCC_WARN_ABOUT_RETURN_TYPE = YES_ERROR;
				GCC_WARN_UNDECLARED_SELECTOR = YES;
				GCC_WARN_UNINITIALIZED_AUTOS = YES_AGGRESSIVE;
				GCC_WARN_UNUSED_FUNCTION = YES;
				GCC_WARN_UNUSED_VARIABLE = YES;
				IPHONEOS_DEPLOYMENT_TARGET = 26.1;
				LOCALIZATION_PREFERS_STRING_CATALOGS = YES;
				MTL_ENABLE_DEBUG_INFO = INCLUDE_SOURCE;
				MTL_FAST_MATH = YES;
				ONLY_ACTIVE_ARCH = YES;
				SDKROOT = iphoneos;
				SWIFT_ACTIVE_COMPILATION_CONDITIONS = "DEBUG $(inherited)";
				SWIFT_OPTIMIZATION_LEVEL = "-Onone";
			};
			name = Debug;
		};
		04B717E92EC1B2B800230595 /* Release */ = {
			isa = XCBuildConfiguration;
			buildSettings = {
				ALWAYS_SEARCH_USER_PATHS = NO;
				ASSETCATALOG_COMPILER_GENERATE_SWIFT_ASSET_SYMBOL_EXTENSIONS = YES;
				CLANG_ANALYZER_NONNULL = YES;
				CLANG_ANALYZER_NUMBER_OBJECT_CONVERSION = YES_AGGRESSIVE;
				CLANG_CXX_LANGUAGE_STANDARD = "gnu++20";
				CLANG_ENABLE_MODULES = YES;
				CLANG_ENABLE_OBJC_ARC = YES;
				CLANG_ENABLE_OBJC_WEAK = YES;
				CLANG_WARN_BLOCK_CAPTURE_AUTORELEASING = YES;
				CLANG_WARN_BOOL_CONVERSION = YES;
				CLANG_WARN_COMMA = YES;
				CLANG_WARN_CONSTANT_CONVERSION = YES;
				CLANG_WARN_DEPRECATED_OBJC_IMPLEMENTATIONS = YES;
				CLANG_WARN_DIRECT_OBJC_ISA_USAGE = YES_ERROR;
				CLANG_WARN_DOCUMENTATION_COMMENTS = YES;
				CLANG_WARN_EMPTY_BODY = YES;
				CLANG_WARN_ENUM_CONVERSION = YES;
				CLANG_WARN_INFINITE_RECURSION = YES;
				CLANG_WARN_INT_CONVERSION = YES;
				CLANG_WARN_NON_LITERAL_NULL_CONVERSION = YES;
				CLANG_WARN_OBJC_IMPLICIT_RETAIN_SELF = YES;
				CLANG_WARN_OBJC_LITERAL_CONVERSION = YES;
				CLANG_WARN_OBJC_ROOT_CLASS = YES_ERROR;
				CLANG_WARN_QUOTED_INCLUDE_IN_FRAMEWORK_HEADER = YES;
				CLANG_WARN_RANGE_LOOP_ANALYSIS = YES;
				CLANG_WARN_STRICT_PROTOTYPES = YES;
				CLANG_WARN_SUSPICIOUS_MOVE = YES;
				CLANG_WARN_UNGUARDED_AVAILABILITY = YES_AGGRESSIVE;
				CLANG_WARN_UNREACHABLE_CODE = YES;
				CLANG_WARN__DUPLICATE_METHOD_MATCH = YES;
				COPY_PHASE_STRIP = NO;
				DEBUG_INFORMATION_FORMAT = "dwarf-with-dsym";
				DEVELOPMENT_TEAM = YT2W57F27G;
				ENABLE_NS_ASSERTIONS = NO;
				ENABLE_STRICT_OBJC_MSGSEND = YES;
				ENABLE_USER_SCRIPT_SANDBOXING = YES;
				GCC_C_LANGUAGE_STANDARD = gnu17;
				GCC_NO_COMMON_BLOCKS = YES;
				GCC_WARN_64_TO_32_BIT_CONVERSION = YES;
				GCC_WARN_ABOUT_RETURN_TYPE = YES_ERROR;
				GCC_WARN_UNDECLARED_SELECTOR = YES;
				GCC_WARN_UNINITIALIZED_AUTOS = YES_AGGRESSIVE;
				GCC_WARN_UNUSED_FUNCTION = YES;
				GCC_WARN_UNUSED_VARIABLE = YES;
				IPHONEOS_DEPLOYMENT_TARGET = 26.1;
				LOCALIZATION_PREFERS_STRING_CATALOGS = YES;
				MTL_ENABLE_DEBUG_INFO = NO;
				MTL_FAST_MATH = YES;
				SDKROOT = iphoneos;
				SWIFT_COMPILATION_MODE = wholemodule;
				VALIDATE_PRODUCT = YES;
			};
			name = Release;
		};
/* End XCBuildConfiguration section */

/* Begin XCConfigurationList section */
		04B717CA2EC1B2B600230595 /* Build configuration list for PBXProject "BIRGE_demo001" */ = {
			isa = XCConfigurationList;
			buildConfigurations = (
				04B717E82EC1B2B800230595 /* Debug */,
				04B717E92EC1B2B800230595 /* Release */,
			);
			defaultConfigurationIsVisible = 0;
			defaultConfigurationName = Release;
		};
		04B717E52EC1B2B800230595 /* Build configuration list for PBXNativeTarget "BIRGE_demo001" */ = {
			isa = XCConfigurationList;
			buildConfigurations = (
				04B717E62EC1B2B800230595 /* Debug */,
				04B717E72EC1B2B800230595 /* Release */,
			);
			defaultConfigurationIsVisible = 0;
			defaultConfigurationName = Release;
		};
/* End XCConfigurationList section */
	};
	rootObject = 04B717C72EC1B2B600230595 /* Project object */;
}
